
Microsoft Visual Studio Solution File, Format Version 12.00
# Visual Studio Version 17
VisualStudioVersion = 17.1.32228.430
MinimumVisualStudioVersion = 10.0.40219.1
Project("{FAE04EC0-301F-11D3-BF4B-00C04F79EFBC}") = "MirayBayramETicaret", "MirayBayramETicaret\MirayBayramETicaret.csproj", "{860D087E-2A57-430D-A49E-E19FE7D13C7C}"
EndProject
Global
	GlobalSection(SolutionConfigurationPlatforms) = preSolution
		Debug|Any CPU = Debug|Any CPU
		Release|Any CPU = Release|Any CPU
	EndGlobalSection
	GlobalSection(ProjectConfigurationPlatforms) = postSolution
		{860D087E-2A57-430D-A49E-E19FE7D13C7C}.Debug|Any CPU.ActiveCfg = Debug|Any CPU
		{860D087E-2A57-430D-A49E-E19FE7D13C7C}.Debug|Any CPU.Build.0 = Debug|Any CPU
		{860D087E-2A57-430D-A49E-E19FE7D13C7C}.Release|Any CPU.ActiveCfg = Release|Any CPU
		{860D087E-2A57-430D-A49E-E19FE7D13C7C}.Release|Any CPU.Build.0 = Release|Any CPU
	EndGlobalSection
	GlobalSection(SolutionProperties) = preSolution
		HideSolutionNode = FALSE
	EndGlobalSection
	GlobalSection(ExtensibilityGlobals) = postSolution
		SolutionGuid = {029B3D36-0C16-4B0B-989D-1AC0838D602D}
	EndGlobalSection
EndGlobal
